
Microsoft Visual Studio Solution File, Format Version 12.00
# Visual Studio Version 17
VisualStudioVersion = 17.13.35919.96 d17.13
MinimumVisualStudioVersion = 10.0.40219.1
Project("{FAE04EC0-301F-11D3-BF4B-00C04F79EFBC}") = "Ejemplolunes", "Ejemplolunes\Ejemplolunes.csproj", "{8B6D87E8-4236-4B33-A2E8-C05776A3EA2D}"
EndProject
Global
	GlobalSection(SolutionConfigurationPlatforms) = preSolution
		Debug|Any CPU = Debug|Any CPU
		Release|Any CPU = Release|Any CPU
	EndGlobalSection
	GlobalSection(ProjectConfigurationPlatforms) = postSolution
		{8B6D87E8-4236-4B33-A2E8-C05776A3EA2D}.Debug|Any CPU.ActiveCfg = Debug|Any CPU
		{8B6D87E8-4236-4B33-A2E8-C05776A3EA2D}.Debug|Any CPU.Build.0 = Debug|Any CPU
		{8B6D87E8-4236-4B33-A2E8-C05776A3EA2D}.Release|Any CPU.ActiveCfg = Release|Any CPU
		{8B6D87E8-4236-4B33-A2E8-C05776A3EA2D}.Release|Any CPU.Build.0 = Release|Any CPU
	EndGlobalSection
	GlobalSection(SolutionProperties) = preSolution
		HideSolutionNode = FALSE
	EndGlobalSection
	GlobalSection(ExtensibilityGlobals) = postSolution
		SolutionGuid = {1F280D4A-24D6-428D-8206-6EE0FFA1408E}
	EndGlobalSection
EndGlobal
